// !$*UTF8*$!
{
	archiveVersion = 1;
	classes = {
	};
	objectVersion = 52;
	objects = {

/* Begin PBXBuildFile section */
		0469D98A2A29AE1500EA8519 /* AppDelegate.swift in Sources */ = {isa = PBXBuildFile; fileRef = 0469D9892A29AE1500EA8519 /* AppDelegate.swift */; };
		0469D98C2A29AE1500EA8519 /* SceneDelegate.swift in Sources */ = {isa = PBXBuildFile; fileRef = 0469D98B2A29AE1500EA8519 /* SceneDelegate.swift */; };
		0469D98E2A29AE1500EA8519 /* ViewController.swift in Sources */ = {isa = PBXBuildFile; fileRef = 0469D98D2A29AE1500EA8519 /* ViewController.swift */; };
		0469D9912A29AE1500EA8519 /* Main.storyboard in Resources */ = {isa = PBXBuildFile; fileRef = 0469D98F2A29AE1500EA8519 /* Main.storyboard */; };
		0469D9932A29AE1900EA8519 /* Assets.xcassets in Resources */ = {isa = PBXBuildFile; fileRef = 0469D9922A29AE1900EA8519 /* Assets.xcassets */; };
		0469D9962A29AE1900EA8519 /* LaunchScreen.storyboard in Resources */ = {isa = PBXBuildFile; fileRef = 0469D9942A29AE1900EA8519 /* LaunchScreen.storyboard */; };
		0469D9A02A29AF2700EA8519 /* Alamofire in Frameworks */ = {isa = PBXBuildFile; productRef = 0469D99F2A29AF2700EA8519 /* Alamofire */; };
		0469D9A42A29B06000EA8519 /* SwiftyJSON in Frameworks */ = {isa = PBXBuildFile; productRef = 0469D9A32A29B06000EA8519 /* SwiftyJSON */; };
		0469D9A82A29B1A100EA8519 /* Kingfisher in Frameworks */ = {isa = PBXBuildFile; productRef = 0469D9A72A29B1A100EA8519 /* Kingfisher */; };
		0469D9AB2A29B1EB00EA8519 /* APIModel.swift in Sources */ = {isa = PBXBuildFile; fileRef = 0469D9AA2A29B1EB00EA8519 /* APIModel.swift */; };
		0469D9AE2A29B2B700EA8519 /* TableVC.swift in Sources */ = {isa = PBXBuildFile; fileRef = 0469D9AD2A29B2B700EA8519 /* TableVC.swift */; };
		0469D9B22A29B35E00EA8519 /* InformationCell.swift in Sources */ = {isa = PBXBuildFile; fileRef = 0469D9B02A29B35E00EA8519 /* InformationCell.swift */; };
		0469D9B32A29B35E00EA8519 /* InformationCell.xib in Resources */ = {isa = PBXBuildFile; fileRef = 0469D9B12A29B35E00EA8519 /* InformationCell.xib */; };
/* End PBXBuildFile section */

/* Begin PBXFileReference section */
		0469D9862A29AE1500EA8519 /* ASS2.app */ = {isa = PBXFileReference; explicitFileType = wrapper.application; includeInIndex = 0; path = ASS2.app; sourceTree = BUILT_PRODUCTS_DIR; };
		0469D9892A29AE1500EA8519 /* AppDelegate.swift */ = {isa = PBXFileReference; lastKnownFileType = sourcecode.swift; path = AppDelegate.swift; sourceTree = "<group>"; };
		0469D98B2A29AE1500EA8519 /* SceneDelegate.swift */ = {isa = PBXFileReference; lastKnownFileType = sourcecode.swift; path = SceneDelegate.swift; sourceTree = "<group>"; };
		0469D98D2A29AE1500EA8519 /* ViewController.swift */ = {isa = PBXFileReference; lastKnownFileType = sourcecode.swift; path = ViewController.swift; sourceTree = "<group>"; };
		0469D9902A29AE1500EA8519 /* Base */ = {isa = PBXFileReference; lastKnownFileType = file.storyboard; name = Base; path = Base.lproj/Main.storyboard; sourceTree = "<group>"; };
		0469D9922A29AE1900EA8519 /* Assets.xcassets */ = {isa = PBXFileReference; lastKnownFileType = folder.assetcatalog; path = Assets.xcassets; sourceTree = "<group>"; };
		0469D9952A29AE1900EA8519 /* Base */ = {isa = PBXFileReference; lastKnownFileType = file.storyboard; name = Base; path = Base.lproj/LaunchScreen.storyboard; sourceTree = "<group>"; };
		0469D9972A29AE1900EA8519 /* Info.plist */ = {isa = PBXFileReference; lastKnownFileType = text.plist.xml; path = Info.plist; sourceTree = "<group>"; };
		0469D9AA2A29B1EB00EA8519 /* APIModel.swift */ = {isa = PBXFileReference; lastKnownFileType = sourcecode.swift; path = APIModel.swift; sourceTree = "<group>"; };
		0469D9AD2A29B2B700EA8519 /* TableVC.swift */ = {isa = PBXFileReference; lastKnownFileType = sourcecode.swift; path = TableVC.swift; sourceTree = "<group>"; };
		0469D9B02A29B35E00EA8519 /* InformationCell.swift */ = {isa = PBXFileReference; lastKnownFileType = sourcecode.swift; path = InformationCell.swift; sourceTree = "<group>"; };
		0469D9B12A29B35E00EA8519 /* InformationCell.xib */ = {isa = PBXFileReference; lastKnownFileType = file.xib; path = InformationCell.xib; sourceTree = "<group>"; };
/* End PBXFileReference section */

/* Begin PBXFrameworksBuildPhase section */
		0469D9832A29AE1500EA8519 /* Frameworks */ = {
			isa = PBXFrameworksBuildPhase;
			buildActionMask = 2147483647;
			files = (
				0469D9A82A29B1A100EA8519 /* Kingfisher in Frameworks */,
				0469D9A42A29B06000EA8519 /* SwiftyJSON in Frameworks */,
				0469D9A02A29AF2700EA8519 /* Alamofire in Frameworks */,
			);
			runOnlyForDeploymentPostprocessing = 0;
		};
/* End PBXFrameworksBuildPhase section */

/* Begin PBXGroup section */
		0469D97D2A29AE1400EA8519 = {
			isa = PBXGroup;
			children = (
				0469D9882A29AE1500EA8519 /* ASS2 */,
				0469D9872A29AE1500EA8519 /* Products */,
			);
			sourceTree = "<group>";
		};
		0469D9872A29AE1500EA8519 /* Products */ = {
			isa = PBXGroup;
			children = (
				0469D9862A29AE1500EA8519 /* ASS2.app */,
			);
			name = Products;
			sourceTree = "<group>";
		};
		0469D9882A29AE1500EA8519 /* ASS2 */ = {
			isa = PBXGroup;
			children = (
				0469D9892A29AE1500EA8519 /* AppDelegate.swift */,
				0469D98B2A29AE1500EA8519 /* SceneDelegate.swift */,
				0469D98D2A29AE1500EA8519 /* ViewController.swift */,
				0469D98F2A29AE1500EA8519 /* Main.storyboard */,
				0469D9922A29AE1900EA8519 /* Assets.xcassets */,
				0469D9942A29AE1900EA8519 /* LaunchScreen.storyboard */,
				0469D9972A29AE1900EA8519 /* Info.plist */,
				0469D9AA2A29B1EB00EA8519 /* APIModel.swift */,
				0469D9AD2A29B2B700EA8519 /* TableVC.swift */,
				0469D9B02A29B35E00EA8519 /* InformationCell.swift */,
				0469D9B12A29B35E00EA8519 /* InformationCell.xib */,
			);
			path = ASS2;
			sourceTree = "<group>";
		};
/* End PBXGroup section */

/* Begin PBXNativeTarget section */
		0469D9852A29AE1500EA8519 /* ASS2 */ = {
			isa = PBXNativeTarget;
			buildConfigurationList = 0469D99A2A29AE1900EA8519 /* Build configuration list for PBXNativeTarget "ASS2" */;
			buildPhases = (
				0469D9822A29AE1500EA8519 /* Sources */,
				0469D9832A29AE1500EA8519 /* Frameworks */,
				0469D9842A29AE1500EA8519 /* Resources */,
			);
			buildRules = (
			);
			dependencies = (
			);
			name = ASS2;
			packageProductDependencies = (
				0469D99F2A29AF2700EA8519 /* Alamofire */,
				0469D9A32A29B06000EA8519 /* SwiftyJSON */,
				0469D9A72A29B1A100EA8519 /* Kingfisher */,
			);
			productName = ASS2;
			productReference = 0469D9862A29AE1500EA8519 /* ASS2.app */;
			productType = "com.apple.product-type.application";
		};
/* End PBXNativeTarget section */

/* Begin PBXProject section */
		0469D97E2A29AE1400EA8519 /* Project object */ = {
			isa = PBXProject;
			attributes = {
				LastSwiftUpdateCheck = 1240;
				LastUpgradeCheck = 1240;
				TargetAttributes = {
					0469D9852A29AE1500EA8519 = {
						CreatedOnToolsVersion = 12.4;
					};
				};
			};
			buildConfigurationList = 0469D9812A29AE1400EA8519 /* Build configuration list for PBXProject "ASS2" */;
			compatibilityVersion = "Xcode 9.3";
			developmentRegion = en;
			hasScannedForEncodings = 0;
			knownRegions = (
				en,
				Base,
			);
			mainGroup = 0469D97D2A29AE1400EA8519;
			packageReferences = (
				0469D99E2A29AF2700EA8519 /* XCRemoteSwiftPackageReference "Alamofire" */,
				0469D9A22A29B06000EA8519 /* XCRemoteSwiftPackageReference "SwiftyJSON" */,
				0469D9A62A29B1A100EA8519 /* XCRemoteSwiftPackageReference "Kingfisher" */,
			);
			productRefGroup = 0469D9872A29AE1500EA8519 /* Products */;
			projectDirPath = "";
			projectRoot = "";
			targets = (
				0469D9852A29AE1500EA8519 /* ASS2 */,
			);
		};
/* End PBXProject section */

/* Begin PBXResourcesBuildPhase section */
		0469D9842A29AE1500EA8519 /* Resources */ = {
			isa = PBXResourcesBuildPhase;
			buildActionMask = 2147483647;
			files = (
				0469D9962A29AE1900EA8519 /* LaunchScreen.storyboard in Resources */,
				0469D9932A29AE1900EA8519 /* Assets.xcassets in Resources */,
				0469D9B32A29B35E00EA8519 /* InformationCell.xib in Resources */,
				0469D9912A29AE1500EA8519 /* Main.storyboard in Resources */,
			);
			runOnlyForDeploymentPostprocessing = 0;
		};
/* End PBXResourcesBuildPhase section */

/* Begin PBXSourcesBuildPhase section */
		0469D9822A29AE1500EA8519 /* Sources */ = {
			isa = PBXSourcesBuildPhase;
			buildActionMask = 2147483647;
			files = (
				0469D9B22A29B35E00EA8519 /* InformationCell.swift in Sources */,
				0469D9AB2A29B1EB00EA8519 /* APIModel.swift in Sources */,
				0469D98E2A29AE1500EA8519 /* ViewController.swift in Sources */,
				0469D98A2A29AE1500EA8519 /* AppDelegate.swift in Sources */,
				0469D9AE2A29B2B700EA8519 /* TableVC.swift in Sources */,
				0469D98C2A29AE1500EA8519 /* SceneDelegate.swift in Sources */,
			);
			runOnlyForDeploymentPostprocessing = 0;
		};
/* End PBXSourcesBuildPhase section */

/* Begin PBXVariantGroup section */
		0469D98F2A29AE1500EA8519 /* Main.storyboard */ = {
			isa = PBXVariantGroup;
			children = (
				0469D9902A29AE1500EA8519 /* Base */,
			);
			name = Main.storyboard;
			sourceTree = "<group>";
		};
		0469D9942A29AE1900EA8519 /* LaunchScreen.storyboard */ = {
			isa = PBXVariantGroup;
			children = (
				0469D9952A29AE1900EA8519 /* Base */,
			);
			name = LaunchScreen.storyboard;
			sourceTree = "<group>";
		};
/* End PBXVariantGroup section */

/* Begin XCBuildConfiguration section */
		0469D9982A29AE1900EA8519 /* Debug */ = {
			isa = XCBuildConfiguration;
			buildSettings = {
				ALWAYS_SEARCH_USER_PATHS = NO;
				CLANG_ANALYZER_NONNULL = YES;
				CLANG_ANALYZER_NUMBER_OBJECT_CONVERSION = YES_AGGRESSIVE;
				CLANG_CXX_LANGUAGE_STANDARD = "gnu++14";
				CLANG_CXX_LIBRARY = "libc++";
				CLANG_ENABLE_MODULES = YES;
				CLANG_ENABLE_OBJC_ARC = YES;
				CLANG_ENABLE_OBJC_WEAK = YES;
				CLANG_WARN_BLOCK_CAPTURE_AUTORELEASING = YES;
				CLANG_WARN_BOOL_CONVERSION = YES;
				CLANG_WARN_COMMA = YES;
				CLANG_WARN_CONSTANT_CONVERSION = YES;
				CLANG_WARN_DEPRECATED_OBJC_IMPLEMENTATIONS = YES;
				CLANG_WARN_DIRECT_OBJC_ISA_USAGE = YES_ERROR;
				CLANG_WARN_DOCUMENTATION_COMMENTS = YES;
				CLANG_WARN_EMPTY_BODY = YES;
				CLANG_WARN_ENUM_CONVERSION = YES;
				CLANG_WARN_INFINITE_RECURSION = YES;
				CLANG_WARN_INT_CONVERSION = YES;
				CLANG_WARN_NON_LITERAL_NULL_CONVERSION = YES;
				CLANG_WARN_OBJC_IMPLICIT_RETAIN_SELF = YES;
				CLANG_WARN_OBJC_LITERAL_CONVERSION = YES;
				CLANG_WARN_OBJC_ROOT_CLASS = YES_ERROR;
				CLANG_WARN_QUOTED_INCLUDE_IN_FRAMEWORK_HEADER = YES;
				CLANG_WARN_RANGE_LOOP_ANALYSIS = YES;
				CLANG_WARN_STRICT_PROTOTYPES = YES;
				CLANG_WARN_SUSPICIOUS_MOVE = YES;
				CLANG_WARN_UNGUARDED_AVAILABILITY = YES_AGGRESSIVE;
				CLANG_WARN_UNREACHABLE_CODE = YES;
				CLANG_WARN__DUPLICATE_METHOD_MATCH = YES;
				COPY_PHASE_STRIP = NO;
				DEBUG_INFORMATION_FORMAT = dwarf;
				ENABLE_STRICT_OBJC_MSGSEND = YES;
				ENABLE_TESTABILITY = YES;
				GCC_C_LANGUAGE_STANDARD = gnu11;
				GCC_DYNAMIC_NO_PIC = NO;
				GCC_NO_COMMON_BLOCKS = YES;
				GCC_OPTIMIZATION_LEVEL = 0;
				GCC_PREPROCESSOR_DEFINITIONS = (
					"DEBUG=1",
					"$(inherited)",
				);
				GCC_WARN_64_TO_32_BIT_CONVERSION = YES;
				GCC_WARN_ABOUT_RETURN_TYPE = YES_ERROR;
				GCC_WARN_UNDECLARED_SELECTOR = YES;
				GCC_WARN_UNINITIALIZED_AUTOS = YES_AGGRESSIVE;
				GCC_WARN_UNUSED_FUNCTION = YES;
				GCC_WARN_UNUSED_VARIABLE = YES;
				IPHONEOS_DEPLOYMENT_TARGET = 14.4;
				MTL_ENABLE_DEBUG_INFO = INCLUDE_SOURCE;
				MTL_FAST_MATH = YES;
				ONLY_ACTIVE_ARCH = YES;
				SDKROOT = iphoneos;
				SWIFT_ACTIVE_COMPILATION_CONDITIONS = DEBUG;
				SWIFT_OPTIMIZATION_LEVEL = "-Onone";
			};
			name = Debug;
		};
		0469D9992A29AE1900EA8519 /* Release */ = {
			isa = XCBuildConfiguration;
			buildSettings = {
				ALWAYS_SEARCH_USER_PATHS = NO;
				CLANG_ANALYZER_NONNULL = YES;
				CLANG_ANALYZER_NUMBER_OBJECT_CONVERSION = YES_AGGRESSIVE;
				CLANG_CXX_LANGUAGE_STANDARD = "gnu++14";
				CLANG_CXX_LIBRARY = "libc++";
				CLANG_ENABLE_MODULES = YES;
				CLANG_ENABLE_OBJC_ARC = YES;
				CLANG_ENABLE_OBJC_WEAK = YES;
				CLANG_WARN_BLOCK_CAPTURE_AUTORELEASING = YES;
				CLANG_WARN_BOOL_CONVERSION = YES;
				CLANG_WARN_COMMA = YES;
				CLANG_WARN_CONSTANT_CONVERSION = YES;
				CLANG_WARN_DEPRECATED_OBJC_IMPLEMENTATIONS = YES;
				CLANG_WARN_DIRECT_OBJC_ISA_USAGE = YES_ERROR;
				CLANG_WARN_DOCUMENTATION_COMMENTS = YES;
				CLANG_WARN_EMPTY_BODY = YES;
				CLANG_WARN_ENUM_CONVERSION = YES;
				CLANG_WARN_INFINITE_RECURSION = YES;
				CLANG_WARN_INT_CONVERSION = YES;
				CLANG_WARN_NON_LITERAL_NULL_CONVERSION = YES;
				CLANG_WARN_OBJC_IMPLICIT_RETAIN_SELF = YES;
				CLANG_WARN_OBJC_LITERAL_CONVERSION = YES;
				CLANG_WARN_OBJC_ROOT_CLASS = YES_ERROR;
				CLANG_WARN_QUOTED_INCLUDE_IN_FRAMEWORK_HEADER = YES;
				CLANG_WARN_RANGE_LOOP_ANALYSIS = YES;
				CLANG_WARN_STRICT_PROTOTYPES = YES;
				CLANG_WARN_SUSPICIOUS_MOVE = YES;
				CLANG_WARN_UNGUARDED_AVAILABILITY = YES_AGGRESSIVE;
				CLANG_WARN_UNREACHABLE_CODE = YES;
				CLANG_WARN__DUPLICATE_METHOD_MATCH = YES;
				COPY_PHASE_STRIP = NO;
				DEBUG_INFORMATION_FORMAT = "dwarf-with-dsym";
				ENABLE_NS_ASSERTIONS = NO;
				ENABLE_STRICT_OBJC_MSGSEND = YES;
				GCC_C_LANGUAGE_STANDARD = gnu11;
				GCC_NO_COMMON_BLOCKS = YES;
				GCC_WARN_64_TO_32_BIT_CONVERSION = YES;
				GCC_WARN_ABOUT_RETURN_TYPE = YES_ERROR;
				GCC_WARN_UNDECLARED_SELECTOR = YES;
				GCC_WARN_UNINITIALIZED_AUTOS = YES_AGGRESSIVE;
				GCC_WARN_UNUSED_FUNCTION = YES;
				GCC_WARN_UNUSED_VARIABLE = YES;
				IPHONEOS_DEPLOYMENT_TARGET = 14.4;
				MTL_ENABLE_DEBUG_INFO = NO;
				MTL_FAST_MATH = YES;
				SDKROOT = iphoneos;
				SWIFT_COMPILATION_MODE = wholemodule;
				SWIFT_OPTIMIZATION_LEVEL = "-O";
				VALIDATE_PRODUCT = YES;
			};
			name = Release;
		};
		0469D99B2A29AE1900EA8519 /* Debug */ = {
			isa = XCBuildConfiguration;
			buildSettings = {
				ASSETCATALOG_COMPILER_APPICON_NAME = AppIcon;
				ASSETCATALOG_COMPILER_GLOBAL_ACCENT_COLOR_NAME = AccentColor;
				CODE_SIGN_STYLE = Automatic;
				INFOPLIST_FILE = ASS2/Info.plist;
				LD_RUNPATH_SEARCH_PATHS = (
					"$(inherited)",
					"@executable_path/Frameworks",
				);
				PRODUCT_BUNDLE_IDENTIFIER = Rutvij.ASS2;
				PRODUCT_NAME = "$(TARGET_NAME)";
				SWIFT_VERSION = 5.0;
				TARGETED_DEVICE_FAMILY = "1,2";
			};
			name = Debug;
		};
		0469D99C2A29AE1900EA8519 /* Release */ = {
			isa = XCBuildConfiguration;
			buildSettings = {
				ASSETCATALOG_COMPILER_APPICON_NAME = AppIcon;
				ASSETCATALOG_COMPILER_GLOBAL_ACCENT_COLOR_NAME = AccentColor;
				CODE_SIGN_STYLE = Automatic;
				INFOPLIST_FILE = ASS2/Info.plist;
				LD_RUNPATH_SEARCH_PATHS = (
					"$(inherited)",
					"@executable_path/Frameworks",
				);
				PRODUCT_BUNDLE_IDENTIFIER = Rutvij.ASS2;
				PRODUCT_NAME = "$(TARGET_NAME)";
				SWIFT_VERSION = 5.0;
				TARGETED_DEVICE_FAMILY = "1,2";
			};
			name = Release;
		};
/* End XCBuildConfiguration section */

/* Begin XCConfigurationList section */
		0469D9812A29AE1400EA8519 /* Build configuration list for PBXProject "ASS2" */ = {
			isa = XCConfigurationList;
			buildConfigurations = (
				0469D9982A29AE1900EA8519 /* Debug */,
				0469D9992A29AE1900EA8519 /* Release */,
			);
			defaultConfigurationIsVisible = 0;
			defaultConfigurationName = Release;
		};
		0469D99A2A29AE1900EA8519 /* Build configuration list for PBXNativeTarget "ASS2" */ = {
			isa = XCConfigurationList;
			buildConfigurations = (
				0469D99B2A29AE1900EA8519 /* Debug */,
				0469D99C2A29AE1900EA8519 /* Release */,
			);
			defaultConfigurationIsVisible = 0;
			defaultConfigurationName = Release;
		};
/* End XCConfigurationList section */

/* Begin XCRemoteSwiftPackageReference section */
		0469D99E2A29AF2700EA8519 /* XCRemoteSwiftPackageReference "Alamofire" */ = {
			isa = XCRemoteSwiftPackageReference;
			repositoryURL = "https://github.com/Alamofire/Alamofire.git";
			requirement = {
				kind = upToNextMajorVersion;
				minimumVersion = 5.1.0;
			};
		};
		0469D9A22A29B06000EA8519 /* XCRemoteSwiftPackageReference "SwiftyJSON" */ = {
			isa = XCRemoteSwiftPackageReference;
			repositoryURL = "https://github.com/SwiftyJSON/SwiftyJSON.git";
			requirement = {
				kind = upToNextMajorVersion;
				minimumVersion = 5.0.1;
			};
		};
		0469D9A62A29B1A100EA8519 /* XCRemoteSwiftPackageReference "Kingfisher" */ = {
			isa = XCRemoteSwiftPackageReference;
			repositoryURL = "https://github.com/onevcat/Kingfisher.git";
			requirement = {
				kind = upToNextMajorVersion;
				minimumVersion = 7.7.0;
			};
		};
/* End XCRemoteSwiftPackageReference section */

/* Begin XCSwiftPackageProductDependency section */
		0469D99F2A29AF2700EA8519 /* Alamofire */ = {
			isa = XCSwiftPackageProductDependency;
			package = 0469D99E2A29AF2700EA8519 /* XCRemoteSwiftPackageReference "Alamofire" */;
			productName = Alamofire;
		};
		0469D9A32A29B06000EA8519 /* SwiftyJSON */ = {
			isa = XCSwiftPackageProductDependency;
			package = 0469D9A22A29B06000EA8519 /* XCRemoteSwiftPackageReference "SwiftyJSON" */;
			productName = SwiftyJSON;
		};
		0469D9A72A29B1A100EA8519 /* Kingfisher */ = {
			isa = XCSwiftPackageProductDependency;
			package = 0469D9A62A29B1A100EA8519 /* XCRemoteSwiftPackageReference "Kingfisher" */;
			productName = Kingfisher;
		};
/* End XCSwiftPackageProductDependency section */
	};
	rootObject = 0469D97E2A29AE1400EA8519 /* Project object */;
}
