// !$*UTF8*$!
{
	archiveVersion = 1;
	classes = {
	};
	objectVersion = 56;
	objects = {

/* Begin PBXBuildFile section */
		C6EBADF429D40259003D5C24 /* AppDelegate.swift in Sources */ = {isa = PBXBuildFile; fileRef = C6EBADF329D40259003D5C24 /* AppDelegate.swift */; };
		C6EBADF629D40259003D5C24 /* SceneDelegate.swift in Sources */ = {isa = PBXBuildFile; fileRef = C6EBADF529D40259003D5C24 /* SceneDelegate.swift */; };
		C6EBADF829D40259003D5C24 /* ViewController.swift in Sources */ = {isa = PBXBuildFile; fileRef = C6EBADF729D40259003D5C24 /* ViewController.swift */; };
		C6EBADFB29D40259003D5C24 /* Main.storyboard in Resources */ = {isa = PBXBuildFile; fileRef = C6EBADF929D40259003D5C24 /* Main.storyboard */; };
		C6EBADFE29D40259003D5C24 /* Displydata_in_sectionvise.xcdatamodeld in Sources */ = {isa = PBXBuildFile; fileRef = C6EBADFC29D40259003D5C24 /* Displydata_in_sectionvise.xcdatamodeld */; };
		C6EBAE0029D4025B003D5C24 /* Assets.xcassets in Resources */ = {isa = PBXBuildFile; fileRef = C6EBADFF29D4025B003D5C24 /* Assets.xcassets */; };
		C6EBAE0329D4025B003D5C24 /* LaunchScreen.storyboard in Resources */ = {isa = PBXBuildFile; fileRef = C6EBAE0129D4025B003D5C24 /* LaunchScreen.storyboard */; };
		C6EBAE0B29D40410003D5C24 /* TableViewCell.swift in Sources */ = {isa = PBXBuildFile; fileRef = C6EBAE0A29D40410003D5C24 /* TableViewCell.swift */; };
/* End PBXBuildFile section */

/* Begin PBXFileReference section */
		C6EBADF029D40259003D5C24 /* Displydata in sectionvise.app */ = {isa = PBXFileReference; explicitFileType = wrapper.application; includeInIndex = 0; path = "Displydata in sectionvise.app"; sourceTree = BUILT_PRODUCTS_DIR; };
		C6EBADF329D40259003D5C24 /* AppDelegate.swift */ = {isa = PBXFileReference; lastKnownFileType = sourcecode.swift; path = AppDelegate.swift; sourceTree = "<group>"; };
		C6EBADF529D40259003D5C24 /* SceneDelegate.swift */ = {isa = PBXFileReference; lastKnownFileType = sourcecode.swift; path = SceneDelegate.swift; sourceTree = "<group>"; };
		C6EBADF729D40259003D5C24 /* ViewController.swift */ = {isa = PBXFileReference; lastKnownFileType = sourcecode.swift; path = ViewController.swift; sourceTree = "<group>"; };
		C6EBADFA29D40259003D5C24 /* Base */ = {isa = PBXFileReference; lastKnownFileType = file.storyboard; name = Base; path = Base.lproj/Main.storyboard; sourceTree = "<group>"; };
		C6EBADFD29D40259003D5C24 /* Displydata_in_sectionvise.xcdatamodel */ = {isa = PBXFileReference; lastKnownFileType = wrapper.xcdatamodel; path = Displydata_in_sectionvise.xcdatamodel; sourceTree = "<group>"; };
		C6EBADFF29D4025B003D5C24 /* Assets.xcassets */ = {isa = PBXFileReference; lastKnownFileType = folder.assetcatalog; path = Assets.xcassets; sourceTree = "<group>"; };
		C6EBAE0229D4025B003D5C24 /* Base */ = {isa = PBXFileReference; lastKnownFileType = file.storyboard; name = Base; path = Base.lproj/LaunchScreen.storyboard; sourceTree = "<group>"; };
		C6EBAE0429D4025B003D5C24 /* Info.plist */ = {isa = PBXFileReference; lastKnownFileType = text.plist.xml; path = Info.plist; sourceTree = "<group>"; };
		C6EBAE0A29D40410003D5C24 /* TableViewCell.swift */ = {isa = PBXFileReference; lastKnownFileType = sourcecode.swift; path = TableViewCell.swift; sourceTree = "<group>"; };
/* End PBXFileReference section */

/* Begin PBXFrameworksBuildPhase section */
		C6EBADED29D40259003D5C24 /* Frameworks */ = {
			isa = PBXFrameworksBuildPhase;
			buildActionMask = 2147483647;
			files = (
			);
			runOnlyForDeploymentPostprocessing = 0;
		};
/* End PBXFrameworksBuildPhase section */

/* Begin PBXGroup section */
		C6EBADE729D40259003D5C24 = {
			isa = PBXGroup;
			children = (
				C6EBADF229D40259003D5C24 /* Displydata in sectionvise */,
				C6EBADF129D40259003D5C24 /* Products */,
			);
			sourceTree = "<group>";
		};
		C6EBADF129D40259003D5C24 /* Products */ = {
			isa = PBXGroup;
			children = (
				C6EBADF029D40259003D5C24 /* Displydata in sectionvise.app */,
			);
			name = Products;
			sourceTree = "<group>";
		};
		C6EBADF229D40259003D5C24 /* Displydata in sectionvise */ = {
			isa = PBXGroup;
			children = (
				C6EBADF329D40259003D5C24 /* AppDelegate.swift */,
				C6EBADF529D40259003D5C24 /* SceneDelegate.swift */,
				C6EBADF729D40259003D5C24 /* ViewController.swift */,
				C6EBADF929D40259003D5C24 /* Main.storyboard */,
				C6EBADFF29D4025B003D5C24 /* Assets.xcassets */,
				C6EBAE0129D4025B003D5C24 /* LaunchScreen.storyboard */,
				C6EBAE0429D4025B003D5C24 /* Info.plist */,
				C6EBADFC29D40259003D5C24 /* Displydata_in_sectionvise.xcdatamodeld */,
				C6EBAE0A29D40410003D5C24 /* TableViewCell.swift */,
			);
			path = "Displydata in sectionvise";
			sourceTree = "<group>";
		};
/* End PBXGroup section */

/* Begin PBXNativeTarget section */
		C6EBADEF29D40259003D5C24 /* Displydata in sectionvise */ = {
			isa = PBXNativeTarget;
			buildConfigurationList = C6EBAE0729D4025B003D5C24 /* Build configuration list for PBXNativeTarget "Displydata in sectionvise" */;
			buildPhases = (
				C6EBADEC29D40259003D5C24 /* Sources */,
				C6EBADED29D40259003D5C24 /* Frameworks */,
				C6EBADEE29D40259003D5C24 /* Resources */,
			);
			buildRules = (
			);
			dependencies = (
			);
			name = "Displydata in sectionvise";
			productName = "Displydata in sectionvise";
			productReference = C6EBADF029D40259003D5C24 /* Displydata in sectionvise.app */;
			productType = "com.apple.product-type.application";
		};
/* End PBXNativeTarget section */

/* Begin PBXProject section */
		C6EBADE829D40259003D5C24 /* Project object */ = {
			isa = PBXProject;
			attributes = {
				BuildIndependentTargetsInParallel = 1;
				LastSwiftUpdateCheck = 1410;
				LastUpgradeCheck = 1410;
				TargetAttributes = {
					C6EBADEF29D40259003D5C24 = {
						CreatedOnToolsVersion = 14.1;
					};
				};
			};
			buildConfigurationList = C6EBADEB29D40259003D5C24 /* Build configuration list for PBXProject "Displydata in sectionvise" */;
			compatibilityVersion = "Xcode 14.0";
			developmentRegion = en;
			hasScannedForEncodings = 0;
			knownRegions = (
				en,
				Base,
			);
			mainGroup = C6EBADE729D40259003D5C24;
			productRefGroup = C6EBADF129D40259003D5C24 /* Products */;
			projectDirPath = "";
			projectRoot = "";
			targets = (
				C6EBADEF29D40259003D5C24 /* Displydata in sectionvise */,
			);
		};
/* End PBXProject section */

/* Begin PBXResourcesBuildPhase section */
		C6EBADEE29D40259003D5C24 /* Resources */ = {
			isa = PBXResourcesBuildPhase;
			buildActionMask = 2147483647;
			files = (
				C6EBAE0329D4025B003D5C24 /* LaunchScreen.storyboard in Resources */,
				C6EBAE0029D4025B003D5C24 /* Assets.xcassets in Resources */,
				C6EBADFB29D40259003D5C24 /* Main.storyboard in Resources */,
			);
			runOnlyForDeploymentPostprocessing = 0;
		};
/* End PBXResourcesBuildPhase section */

/* Begin PBXSourcesBuildPhase section */
		C6EBADEC29D40259003D5C24 /* Sources */ = {
			isa = PBXSourcesBuildPhase;
			buildActionMask = 2147483647;
			files = (
				C6EBAE0B29D40410003D5C24 /* TableViewCell.swift in Sources */,
				C6EBADF829D40259003D5C24 /* ViewController.swift in Sources */,
				C6EBADF429D40259003D5C24 /* AppDelegate.swift in Sources */,
				C6EBADFE29D40259003D5C24 /* Displydata_in_sectionvise.xcdatamodeld in Sources */,
				C6EBADF629D40259003D5C24 /* SceneDelegate.swift in Sources */,
			);
			runOnlyForDeploymentPostprocessing = 0;
		};
/* End PBXSourcesBuildPhase section */

/* Begin PBXVariantGroup section */
		C6EBADF929D40259003D5C24 /* Main.storyboard */ = {
			isa = PBXVariantGroup;
			children = (
				C6EBADFA29D40259003D5C24 /* Base */,
			);
			name = Main.storyboard;
			sourceTree = "<group>";
		};
		C6EBAE0129D4025B003D5C24 /* LaunchScreen.storyboard */ = {
			isa = PBXVariantGroup;
			children = (
				C6EBAE0229D4025B003D5C24 /* Base */,
			);
			name = LaunchScreen.storyboard;
			sourceTree = "<group>";
		};
/* End PBXVariantGroup section */

/* Begin XCBuildConfiguration section */
		C6EBAE0529D4025B003D5C24 /* Debug */ = {
			isa = XCBuildConfiguration;
			buildSettings = {
				ALWAYS_SEARCH_USER_PATHS = NO;
				CLANG_ANALYZER_NONNULL = YES;
				CLANG_ANALYZER_NUMBER_OBJECT_CONVERSION = YES_AGGRESSIVE;
				CLANG_CXX_LANGUAGE_STANDARD = "gnu++20";
				CLANG_ENABLE_MODULES = YES;
				CLANG_ENABLE_OBJC_ARC = YES;
				CLANG_ENABLE_OBJC_WEAK = YES;
				CLANG_WARN_BLOCK_CAPTURE_AUTORELEASING = YES;
				CLANG_WARN_BOOL_CONVERSION = YES;
				CLANG_WARN_COMMA = YES;
				CLANG_WARN_CONSTANT_CONVERSION = YES;
				CLANG_WARN_DEPRECATED_OBJC_IMPLEMENTATIONS = YES;
				CLANG_WARN_DIRECT_OBJC_ISA_USAGE = YES_ERROR;
				CLANG_WARN_DOCUMENTATION_COMMENTS = YES;
				CLANG_WARN_EMPTY_BODY = YES;
				CLANG_WARN_ENUM_CONVERSION = YES;
				CLANG_WARN_INFINITE_RECURSION = YES;
				CLANG_WARN_INT_CONVERSION = YES;
				CLANG_WARN_NON_LITERAL_NULL_CONVERSION = YES;
				CLANG_WARN_OBJC_IMPLICIT_RETAIN_SELF = YES;
				CLANG_WARN_OBJC_LITERAL_CONVERSION = YES;
				CLANG_WARN_OBJC_ROOT_CLASS = YES_ERROR;
				CLANG_WARN_QUOTED_INCLUDE_IN_FRAMEWORK_HEADER = YES;
				CLANG_WARN_RANGE_LOOP_ANALYSIS = YES;
				CLANG_WARN_STRICT_PROTOTYPES = YES;
				CLANG_WARN_SUSPICIOUS_MOVE = YES;
				CLANG_WARN_UNGUARDED_AVAILABILITY = YES_AGGRESSIVE;
				CLANG_WARN_UNREACHABLE_CODE = YES;
				CLANG_WARN__DUPLICATE_METHOD_MATCH = YES;
				COPY_PHASE_STRIP = NO;
				DEBUG_INFORMATION_FORMAT = dwarf;
				ENABLE_STRICT_OBJC_MSGSEND = YES;
				ENABLE_TESTABILITY = YES;
				GCC_C_LANGUAGE_STANDARD = gnu11;
				GCC_DYNAMIC_NO_PIC = NO;
				GCC_NO_COMMON_BLOCKS = YES;
				GCC_OPTIMIZATION_LEVEL = 0;
				GCC_PREPROCESSOR_DEFINITIONS = (
					"DEBUG=1",
					"$(inherited)",
				);
				GCC_WARN_64_TO_32_BIT_CONVERSION = YES;
				GCC_WARN_ABOUT_RETURN_TYPE = YES_ERROR;
				GCC_WARN_UNDECLARED_SELECTOR = YES;
				GCC_WARN_UNINITIALIZED_AUTOS = YES_AGGRESSIVE;
				GCC_WARN_UNUSED_FUNCTION = YES;
				GCC_WARN_UNUSED_VARIABLE = YES;
				IPHONEOS_DEPLOYMENT_TARGET = 16.1;
				MTL_ENABLE_DEBUG_INFO = INCLUDE_SOURCE;
				MTL_FAST_MATH = YES;
				ONLY_ACTIVE_ARCH = YES;
				SDKROOT = iphoneos;
				SWIFT_ACTIVE_COMPILATION_CONDITIONS = DEBUG;
				SWIFT_OPTIMIZATION_LEVEL = "-Onone";
			};
			name = Debug;
		};
		C6EBAE0629D4025B003D5C24 /* Release */ = {
			isa = XCBuildConfiguration;
			buildSettings = {
				ALWAYS_SEARCH_USER_PATHS = NO;
				CLANG_ANALYZER_NONNULL = YES;
				CLANG_ANALYZER_NUMBER_OBJECT_CONVERSION = YES_AGGRESSIVE;
				CLANG_CXX_LANGUAGE_STANDARD = "gnu++20";
				CLANG_ENABLE_MODULES = YES;
				CLANG_ENABLE_OBJC_ARC = YES;
				CLANG_ENABLE_OBJC_WEAK = YES;
				CLANG_WARN_BLOCK_CAPTURE_AUTORELEASING = YES;
				CLANG_WARN_BOOL_CONVERSION = YES;
				CLANG_WARN_COMMA = YES;
				CLANG_WARN_CONSTANT_CONVERSION = YES;
				CLANG_WARN_DEPRECATED_OBJC_IMPLEMENTATIONS = YES;
				CLANG_WARN_DIRECT_OBJC_ISA_USAGE = YES_ERROR;
				CLANG_WARN_DOCUMENTATION_COMMENTS = YES;
				CLANG_WARN_EMPTY_BODY = YES;
				CLANG_WARN_ENUM_CONVERSION = YES;
				CLANG_WARN_INFINITE_RECURSION = YES;
				CLANG_WARN_INT_CONVERSION = YES;
				CLANG_WARN_NON_LITERAL_NULL_CONVERSION = YES;
				CLANG_WARN_OBJC_IMPLICIT_RETAIN_SELF = YES;
				CLANG_WARN_OBJC_LITERAL_CONVERSION = YES;
				CLANG_WARN_OBJC_ROOT_CLASS = YES_ERROR;
				CLANG_WARN_QUOTED_INCLUDE_IN_FRAMEWORK_HEADER = YES;
				CLANG_WARN_RANGE_LOOP_ANALYSIS = YES;
				CLANG_WARN_STRICT_PROTOTYPES = YES;
				CLANG_WARN_SUSPICIOUS_MOVE = YES;
				CLANG_WARN_UNGUARDED_AVAILABILITY = YES_AGGRESSIVE;
				CLANG_WARN_UNREACHABLE_CODE = YES;
				CLANG_WARN__DUPLICATE_METHOD_MATCH = YES;
				COPY_PHASE_STRIP = NO;
				DEBUG_INFORMATION_FORMAT = "dwarf-with-dsym";
				ENABLE_NS_ASSERTIONS = NO;
				ENABLE_STRICT_OBJC_MSGSEND = YES;
				GCC_C_LANGUAGE_STANDARD = gnu11;
				GCC_NO_COMMON_BLOCKS = YES;
				GCC_WARN_64_TO_32_BIT_CONVERSION = YES;
				GCC_WARN_ABOUT_RETURN_TYPE = YES_ERROR;
				GCC_WARN_UNDECLARED_SELECTOR = YES;
				GCC_WARN_UNINITIALIZED_AUTOS = YES_AGGRESSIVE;
				GCC_WARN_UNUSED_FUNCTION = YES;
				GCC_WARN_UNUSED_VARIABLE = YES;
				IPHONEOS_DEPLOYMENT_TARGET = 16.1;
				MTL_ENABLE_DEBUG_INFO = NO;
				MTL_FAST_MATH = YES;
				SDKROOT = iphoneos;
				SWIFT_COMPILATION_MODE = wholemodule;
				SWIFT_OPTIMIZATION_LEVEL = "-O";
				VALIDATE_PRODUCT = YES;
			};
			name = Release;
		};
		C6EBAE0829D4025B003D5C24 /* Debug */ = {
			isa = XCBuildConfiguration;
			buildSettings = {
				ASSETCATALOG_COMPILER_APPICON_NAME = AppIcon;
				ASSETCATALOG_COMPILER_GLOBAL_ACCENT_COLOR_NAME = AccentColor;
				CODE_SIGN_STYLE = Automatic;
				CURRENT_PROJECT_VERSION = 1;
				GENERATE_INFOPLIST_FILE = YES;
				INFOPLIST_FILE = "Displydata in sectionvise/Info.plist";
				INFOPLIST_KEY_UIApplicationSupportsIndirectInputEvents = YES;
				INFOPLIST_KEY_UILaunchStoryboardName = LaunchScreen;
				INFOPLIST_KEY_UIMainStoryboardFile = Main;
				INFOPLIST_KEY_UISupportedInterfaceOrientations_iPad = "UIInterfaceOrientationPortrait UIInterfaceOrientationPortraitUpsideDown UIInterfaceOrientationLandscapeLeft UIInterfaceOrientationLandscapeRight";
				INFOPLIST_KEY_UISupportedInterfaceOrientations_iPhone = "UIInterfaceOrientationPortrait UIInterfaceOrientationLandscapeLeft UIInterfaceOrientationLandscapeRight";
				LD_RUNPATH_SEARCH_PATHS = (
					"$(inherited)",
					"@executable_path/Frameworks",
				);
				MARKETING_VERSION = 1.0;
				PRODUCT_BUNDLE_IDENTIFIER = "com.bavra.opration.Displydata-in-sectionvise";
				PRODUCT_NAME = "$(TARGET_NAME)";
				SWIFT_EMIT_LOC_STRINGS = YES;
				SWIFT_VERSION = 5.0;
				TARGETED_DEVICE_FAMILY = "1,2";
			};
			name = Debug;
		};
		C6EBAE0929D4025B003D5C24 /* Release */ = {
			isa = XCBuildConfiguration;
			buildSettings = {
				ASSETCATALOG_COMPILER_APPICON_NAME = AppIcon;
				ASSETCATALOG_COMPILER_GLOBAL_ACCENT_COLOR_NAME = AccentColor;
				CODE_SIGN_STYLE = Automatic;
				CURRENT_PROJECT_VERSION = 1;
				GENERATE_INFOPLIST_FILE = YES;
				INFOPLIST_FILE = "Displydata in sectionvise/Info.plist";
				INFOPLIST_KEY_UIApplicationSupportsIndirectInputEvents = YES;
				INFOPLIST_KEY_UILaunchStoryboardName = LaunchScreen;
				INFOPLIST_KEY_UIMainStoryboardFile = Main;
				INFOPLIST_KEY_UISupportedInterfaceOrientations_iPad = "UIInterfaceOrientationPortrait UIInterfaceOrientationPortraitUpsideDown UIInterfaceOrientationLandscapeLeft UIInterfaceOrientationLandscapeRight";
				INFOPLIST_KEY_UISupportedInterfaceOrientations_iPhone = "UIInterfaceOrientationPortrait UIInterfaceOrientationLandscapeLeft UIInterfaceOrientationLandscapeRight";
				LD_RUNPATH_SEARCH_PATHS = (
					"$(inherited)",
					"@executable_path/Frameworks",
				);
				MARKETING_VERSION = 1.0;
				PRODUCT_BUNDLE_IDENTIFIER = "com.bavra.opration.Displydata-in-sectionvise";
				PRODUCT_NAME = "$(TARGET_NAME)";
				SWIFT_EMIT_LOC_STRINGS = YES;
				SWIFT_VERSION = 5.0;
				TARGETED_DEVICE_FAMILY = "1,2";
			};
			name = Release;
		};
/* End XCBuildConfiguration section */

/* Begin XCConfigurationList section */
		C6EBADEB29D40259003D5C24 /* Build configuration list for PBXProject "Displydata in sectionvise" */ = {
			isa = XCConfigurationList;
			buildConfigurations = (
				C6EBAE0529D4025B003D5C24 /* Debug */,
				C6EBAE0629D4025B003D5C24 /* Release */,
			);
			defaultConfigurationIsVisible = 0;
			defaultConfigurationName = Release;
		};
		C6EBAE0729D4025B003D5C24 /* Build configuration list for PBXNativeTarget "Displydata in sectionvise" */ = {
			isa = XCConfigurationList;
			buildConfigurations = (
				C6EBAE0829D4025B003D5C24 /* Debug */,
				C6EBAE0929D4025B003D5C24 /* Release */,
			);
			defaultConfigurationIsVisible = 0;
			defaultConfigurationName = Release;
		};
/* End XCConfigurationList section */

/* Begin XCVersionGroup section */
		C6EBADFC29D40259003D5C24 /* Displydata_in_sectionvise.xcdatamodeld */ = {
			isa = XCVersionGroup;
			children = (
				C6EBADFD29D40259003D5C24 /* Displydata_in_sectionvise.xcdatamodel */,
			);
			currentVersion = C6EBADFD29D40259003D5C24 /* Displydata_in_sectionvise.xcdatamodel */;
			path = Displydata_in_sectionvise.xcdatamodeld;
			sourceTree = "<group>";
			versionGroupType = wrapper.xcdatamodel;
		};
/* End XCVersionGroup section */
	};
	rootObject = C6EBADE829D40259003D5C24 /* Project object */;
}
