// !$*UTF8*$!
{
	archiveVersion = 1;
	classes = {
	};
	objectVersion = 52;
	objects = {

/* Begin PBXBuildFile section */
		046C53522A41BFA60060E5EF /* AppDelegate.swift in Sources */ = {isa = PBXBuildFile; fileRef = 046C53512A41BFA60060E5EF /* AppDelegate.swift */; };
		046C53542A41BFA60060E5EF /* SceneDelegate.swift in Sources */ = {isa = PBXBuildFile; fileRef = 046C53532A41BFA60060E5EF /* SceneDelegate.swift */; };
		046C53562A41BFA60060E5EF /* ViewController.swift in Sources */ = {isa = PBXBuildFile; fileRef = 046C53552A41BFA60060E5EF /* ViewController.swift */; };
		046C53592A41BFA60060E5EF /* Main.storyboard in Resources */ = {isa = PBXBuildFile; fileRef = 046C53572A41BFA60060E5EF /* Main.storyboard */; };
		046C535B2A41BFA90060E5EF /* Assets.xcassets in Resources */ = {isa = PBXBuildFile; fileRef = 046C535A2A41BFA90060E5EF /* Assets.xcassets */; };
		046C535E2A41BFA90060E5EF /* LaunchScreen.storyboard in Resources */ = {isa = PBXBuildFile; fileRef = 046C535C2A41BFA90060E5EF /* LaunchScreen.storyboard */; };
		046C53682A41C3EB0060E5EF /* Color Assets.xcassets in Resources */ = {isa = PBXBuildFile; fileRef = 046C53672A41C3EB0060E5EF /* Color Assets.xcassets */; };
		046C537B2A42E30E0060E5EF /* SearchLocationVC.swift in Sources */ = {isa = PBXBuildFile; fileRef = 046C537A2A42E30E0060E5EF /* SearchLocationVC.swift */; };
		046C537E2A42E3460060E5EF /* SearchPinVC.swift in Sources */ = {isa = PBXBuildFile; fileRef = 046C537D2A42E3460060E5EF /* SearchPinVC.swift */; };
		046C53812A42E3760060E5EF /* SearchPostVC.swift in Sources */ = {isa = PBXBuildFile; fileRef = 046C53802A42E3760060E5EF /* SearchPostVC.swift */; };
		046C53892A4568540060E5EF /* APIModel.swift in Sources */ = {isa = PBXBuildFile; fileRef = 046C53882A4568540060E5EF /* APIModel.swift */; };
		046C538D2A456AA60060E5EF /* PinCellVC.swift in Sources */ = {isa = PBXBuildFile; fileRef = 046C538B2A456AA60060E5EF /* PinCellVC.swift */; };
		046C538E2A456AA60060E5EF /* PinCellVC.xib in Resources */ = {isa = PBXBuildFile; fileRef = 046C538C2A456AA60060E5EF /* PinCellVC.xib */; };
		046C53922A456E780060E5EF /* Alamofire in Frameworks */ = {isa = PBXBuildFile; productRef = 046C53912A456E780060E5EF /* Alamofire */; };
		046C53962A456F3E0060E5EF /* SwiftyJSON in Frameworks */ = {isa = PBXBuildFile; productRef = 046C53952A456F3E0060E5EF /* SwiftyJSON */; };
/* End PBXBuildFile section */

/* Begin PBXFileReference section */
		046C534E2A41BFA60060E5EF /* Assessment-3.app */ = {isa = PBXFileReference; explicitFileType = wrapper.application; includeInIndex = 0; path = "Assessment-3.app"; sourceTree = BUILT_PRODUCTS_DIR; };
		046C53512A41BFA60060E5EF /* AppDelegate.swift */ = {isa = PBXFileReference; lastKnownFileType = sourcecode.swift; path = AppDelegate.swift; sourceTree = "<group>"; };
		046C53532A41BFA60060E5EF /* SceneDelegate.swift */ = {isa = PBXFileReference; lastKnownFileType = sourcecode.swift; path = SceneDelegate.swift; sourceTree = "<group>"; };
		046C53552A41BFA60060E5EF /* ViewController.swift */ = {isa = PBXFileReference; lastKnownFileType = sourcecode.swift; path = ViewController.swift; sourceTree = "<group>"; };
		046C53582A41BFA60060E5EF /* Base */ = {isa = PBXFileReference; lastKnownFileType = file.storyboard; name = Base; path = Base.lproj/Main.storyboard; sourceTree = "<group>"; };
		046C535A2A41BFA90060E5EF /* Assets.xcassets */ = {isa = PBXFileReference; lastKnownFileType = folder.assetcatalog; path = Assets.xcassets; sourceTree = "<group>"; };
		046C535D2A41BFA90060E5EF /* Base */ = {isa = PBXFileReference; lastKnownFileType = file.storyboard; name = Base; path = Base.lproj/LaunchScreen.storyboard; sourceTree = "<group>"; };
		046C535F2A41BFA90060E5EF /* Info.plist */ = {isa = PBXFileReference; lastKnownFileType = text.plist.xml; path = Info.plist; sourceTree = "<group>"; };
		046C53672A41C3EB0060E5EF /* Color Assets.xcassets */ = {isa = PBXFileReference; lastKnownFileType = folder.assetcatalog; path = "Color Assets.xcassets"; sourceTree = "<group>"; };
		046C537A2A42E30E0060E5EF /* SearchLocationVC.swift */ = {isa = PBXFileReference; lastKnownFileType = sourcecode.swift; path = SearchLocationVC.swift; sourceTree = "<group>"; };
		046C537D2A42E3460060E5EF /* SearchPinVC.swift */ = {isa = PBXFileReference; lastKnownFileType = sourcecode.swift; path = SearchPinVC.swift; sourceTree = "<group>"; };
		046C53802A42E3760060E5EF /* SearchPostVC.swift */ = {isa = PBXFileReference; lastKnownFileType = sourcecode.swift; path = SearchPostVC.swift; sourceTree = "<group>"; };
		046C53882A4568540060E5EF /* APIModel.swift */ = {isa = PBXFileReference; lastKnownFileType = sourcecode.swift; path = APIModel.swift; sourceTree = "<group>"; };
		046C538B2A456AA60060E5EF /* PinCellVC.swift */ = {isa = PBXFileReference; lastKnownFileType = sourcecode.swift; path = PinCellVC.swift; sourceTree = "<group>"; };
		046C538C2A456AA60060E5EF /* PinCellVC.xib */ = {isa = PBXFileReference; lastKnownFileType = file.xib; path = PinCellVC.xib; sourceTree = "<group>"; };
/* End PBXFileReference section */

/* Begin PBXFrameworksBuildPhase section */
		046C534B2A41BFA60060E5EF /* Frameworks */ = {
			isa = PBXFrameworksBuildPhase;
			buildActionMask = 2147483647;
			files = (
				046C53962A456F3E0060E5EF /* SwiftyJSON in Frameworks */,
				046C53922A456E780060E5EF /* Alamofire in Frameworks */,
			);
			runOnlyForDeploymentPostprocessing = 0;
		};
/* End PBXFrameworksBuildPhase section */

/* Begin PBXGroup section */
		046C53452A41BFA60060E5EF = {
			isa = PBXGroup;
			children = (
				046C53502A41BFA60060E5EF /* Assessment-3 */,
				046C534F2A41BFA60060E5EF /* Products */,
			);
			sourceTree = "<group>";
		};
		046C534F2A41BFA60060E5EF /* Products */ = {
			isa = PBXGroup;
			children = (
				046C534E2A41BFA60060E5EF /* Assessment-3.app */,
			);
			name = Products;
			sourceTree = "<group>";
		};
		046C53502A41BFA60060E5EF /* Assessment-3 */ = {
			isa = PBXGroup;
			children = (
				046C53512A41BFA60060E5EF /* AppDelegate.swift */,
				046C53532A41BFA60060E5EF /* SceneDelegate.swift */,
				046C53552A41BFA60060E5EF /* ViewController.swift */,
				046C53572A41BFA60060E5EF /* Main.storyboard */,
				046C535A2A41BFA90060E5EF /* Assets.xcassets */,
				046C535C2A41BFA90060E5EF /* LaunchScreen.storyboard */,
				046C535F2A41BFA90060E5EF /* Info.plist */,
				046C53672A41C3EB0060E5EF /* Color Assets.xcassets */,
				046C537A2A42E30E0060E5EF /* SearchLocationVC.swift */,
				046C537D2A42E3460060E5EF /* SearchPinVC.swift */,
				046C53802A42E3760060E5EF /* SearchPostVC.swift */,
				046C53882A4568540060E5EF /* APIModel.swift */,
				046C538B2A456AA60060E5EF /* PinCellVC.swift */,
				046C538C2A456AA60060E5EF /* PinCellVC.xib */,
			);
			path = "Assessment-3";
			sourceTree = "<group>";
		};
/* End PBXGroup section */

/* Begin PBXNativeTarget section */
		046C534D2A41BFA60060E5EF /* Assessment-3 */ = {
			isa = PBXNativeTarget;
			buildConfigurationList = 046C53622A41BFA90060E5EF /* Build configuration list for PBXNativeTarget "Assessment-3" */;
			buildPhases = (
				046C534A2A41BFA60060E5EF /* Sources */,
				046C534B2A41BFA60060E5EF /* Frameworks */,
				046C534C2A41BFA60060E5EF /* Resources */,
			);
			buildRules = (
			);
			dependencies = (
			);
			name = "Assessment-3";
			packageProductDependencies = (
				046C53912A456E780060E5EF /* Alamofire */,
				046C53952A456F3E0060E5EF /* SwiftyJSON */,
			);
			productName = "Assessment-3";
			productReference = 046C534E2A41BFA60060E5EF /* Assessment-3.app */;
			productType = "com.apple.product-type.application";
		};
/* End PBXNativeTarget section */

/* Begin PBXProject section */
		046C53462A41BFA60060E5EF /* Project object */ = {
			isa = PBXProject;
			attributes = {
				LastSwiftUpdateCheck = 1240;
				LastUpgradeCheck = 1240;
				TargetAttributes = {
					046C534D2A41BFA60060E5EF = {
						CreatedOnToolsVersion = 12.4;
					};
				};
			};
			buildConfigurationList = 046C53492A41BFA60060E5EF /* Build configuration list for PBXProject "Assessment-3" */;
			compatibilityVersion = "Xcode 9.3";
			developmentRegion = en;
			hasScannedForEncodings = 0;
			knownRegions = (
				en,
				Base,
			);
			mainGroup = 046C53452A41BFA60060E5EF;
			packageReferences = (
				046C53902A456E780060E5EF /* XCRemoteSwiftPackageReference "Alamofire" */,
				046C53942A456F3E0060E5EF /* XCRemoteSwiftPackageReference "SwiftyJSON" */,
			);
			productRefGroup = 046C534F2A41BFA60060E5EF /* Products */;
			projectDirPath = "";
			projectRoot = "";
			targets = (
				046C534D2A41BFA60060E5EF /* Assessment-3 */,
			);
		};
/* End PBXProject section */

/* Begin PBXResourcesBuildPhase section */
		046C534C2A41BFA60060E5EF /* Resources */ = {
			isa = PBXResourcesBuildPhase;
			buildActionMask = 2147483647;
			files = (
				046C538E2A456AA60060E5EF /* PinCellVC.xib in Resources */,
				046C535E2A41BFA90060E5EF /* LaunchScreen.storyboard in Resources */,
				046C535B2A41BFA90060E5EF /* Assets.xcassets in Resources */,
				046C53592A41BFA60060E5EF /* Main.storyboard in Resources */,
				046C53682A41C3EB0060E5EF /* Color Assets.xcassets in Resources */,
			);
			runOnlyForDeploymentPostprocessing = 0;
		};
/* End PBXResourcesBuildPhase section */

/* Begin PBXSourcesBuildPhase section */
		046C534A2A41BFA60060E5EF /* Sources */ = {
			isa = PBXSourcesBuildPhase;
			buildActionMask = 2147483647;
			files = (
				046C53892A4568540060E5EF /* APIModel.swift in Sources */,
				046C53812A42E3760060E5EF /* SearchPostVC.swift in Sources */,
				046C538D2A456AA60060E5EF /* PinCellVC.swift in Sources */,
				046C53562A41BFA60060E5EF /* ViewController.swift in Sources */,
				046C537B2A42E30E0060E5EF /* SearchLocationVC.swift in Sources */,
				046C537E2A42E3460060E5EF /* SearchPinVC.swift in Sources */,
				046C53522A41BFA60060E5EF /* AppDelegate.swift in Sources */,
				046C53542A41BFA60060E5EF /* SceneDelegate.swift in Sources */,
			);
			runOnlyForDeploymentPostprocessing = 0;
		};
/* End PBXSourcesBuildPhase section */

/* Begin PBXVariantGroup section */
		046C53572A41BFA60060E5EF /* Main.storyboard */ = {
			isa = PBXVariantGroup;
			children = (
				046C53582A41BFA60060E5EF /* Base */,
			);
			name = Main.storyboard;
			sourceTree = "<group>";
		};
		046C535C2A41BFA90060E5EF /* LaunchScreen.storyboard */ = {
			isa = PBXVariantGroup;
			children = (
				046C535D2A41BFA90060E5EF /* Base */,
			);
			name = LaunchScreen.storyboard;
			sourceTree = "<group>";
		};
/* End PBXVariantGroup section */

/* Begin XCBuildConfiguration section */
		046C53602A41BFA90060E5EF /* Debug */ = {
			isa = XCBuildConfiguration;
			buildSettings = {
				ALWAYS_SEARCH_USER_PATHS = NO;
				CLANG_ANALYZER_NONNULL = YES;
				CLANG_ANALYZER_NUMBER_OBJECT_CONVERSION = YES_AGGRESSIVE;
				CLANG_CXX_LANGUAGE_STANDARD = "gnu++14";
				CLANG_CXX_LIBRARY = "libc++";
				CLANG_ENABLE_MODULES = YES;
				CLANG_ENABLE_OBJC_ARC = YES;
				CLANG_ENABLE_OBJC_WEAK = YES;
				CLANG_WARN_BLOCK_CAPTURE_AUTORELEASING = YES;
				CLANG_WARN_BOOL_CONVERSION = YES;
				CLANG_WARN_COMMA = YES;
				CLANG_WARN_CONSTANT_CONVERSION = YES;
				CLANG_WARN_DEPRECATED_OBJC_IMPLEMENTATIONS = YES;
				CLANG_WARN_DIRECT_OBJC_ISA_USAGE = YES_ERROR;
				CLANG_WARN_DOCUMENTATION_COMMENTS = YES;
				CLANG_WARN_EMPTY_BODY = YES;
				CLANG_WARN_ENUM_CONVERSION = YES;
				CLANG_WARN_INFINITE_RECURSION = YES;
				CLANG_WARN_INT_CONVERSION = YES;
				CLANG_WARN_NON_LITERAL_NULL_CONVERSION = YES;
				CLANG_WARN_OBJC_IMPLICIT_RETAIN_SELF = YES;
				CLANG_WARN_OBJC_LITERAL_CONVERSION = YES;
				CLANG_WARN_OBJC_ROOT_CLASS = YES_ERROR;
				CLANG_WARN_QUOTED_INCLUDE_IN_FRAMEWORK_HEADER = YES;
				CLANG_WARN_RANGE_LOOP_ANALYSIS = YES;
				CLANG_WARN_STRICT_PROTOTYPES = YES;
				CLANG_WARN_SUSPICIOUS_MOVE = YES;
				CLANG_WARN_UNGUARDED_AVAILABILITY = YES_AGGRESSIVE;
				CLANG_WARN_UNREACHABLE_CODE = YES;
				CLANG_WARN__DUPLICATE_METHOD_MATCH = YES;
				COPY_PHASE_STRIP = NO;
				DEBUG_INFORMATION_FORMAT = dwarf;
				ENABLE_STRICT_OBJC_MSGSEND = YES;
				ENABLE_TESTABILITY = YES;
				GCC_C_LANGUAGE_STANDARD = gnu11;
				GCC_DYNAMIC_NO_PIC = NO;
				GCC_NO_COMMON_BLOCKS = YES;
				GCC_OPTIMIZATION_LEVEL = 0;
				GCC_PREPROCESSOR_DEFINITIONS = (
					"DEBUG=1",
					"$(inherited)",
				);
				GCC_WARN_64_TO_32_BIT_CONVERSION = YES;
				GCC_WARN_ABOUT_RETURN_TYPE = YES_ERROR;
				GCC_WARN_UNDECLARED_SELECTOR = YES;
				GCC_WARN_UNINITIALIZED_AUTOS = YES_AGGRESSIVE;
				GCC_WARN_UNUSED_FUNCTION = YES;
				GCC_WARN_UNUSED_VARIABLE = YES;
				IPHONEOS_DEPLOYMENT_TARGET = 14.4;
				MTL_ENABLE_DEBUG_INFO = INCLUDE_SOURCE;
				MTL_FAST_MATH = YES;
				ONLY_ACTIVE_ARCH = YES;
				SDKROOT = iphoneos;
				SWIFT_ACTIVE_COMPILATION_CONDITIONS = DEBUG;
				SWIFT_OPTIMIZATION_LEVEL = "-Onone";
			};
			name = Debug;
		};
		046C53612A41BFA90060E5EF /* Release */ = {
			isa = XCBuildConfiguration;
			buildSettings = {
				ALWAYS_SEARCH_USER_PATHS = NO;
				CLANG_ANALYZER_NONNULL = YES;
				CLANG_ANALYZER_NUMBER_OBJECT_CONVERSION = YES_AGGRESSIVE;
				CLANG_CXX_LANGUAGE_STANDARD = "gnu++14";
				CLANG_CXX_LIBRARY = "libc++";
				CLANG_ENABLE_MODULES = YES;
				CLANG_ENABLE_OBJC_ARC = YES;
				CLANG_ENABLE_OBJC_WEAK = YES;
				CLANG_WARN_BLOCK_CAPTURE_AUTORELEASING = YES;
				CLANG_WARN_BOOL_CONVERSION = YES;
				CLANG_WARN_COMMA = YES;
				CLANG_WARN_CONSTANT_CONVERSION = YES;
				CLANG_WARN_DEPRECATED_OBJC_IMPLEMENTATIONS = YES;
				CLANG_WARN_DIRECT_OBJC_ISA_USAGE = YES_ERROR;
				CLANG_WARN_DOCUMENTATION_COMMENTS = YES;
				CLANG_WARN_EMPTY_BODY = YES;
				CLANG_WARN_ENUM_CONVERSION = YES;
				CLANG_WARN_INFINITE_RECURSION = YES;
				CLANG_WARN_INT_CONVERSION = YES;
				CLANG_WARN_NON_LITERAL_NULL_CONVERSION = YES;
				CLANG_WARN_OBJC_IMPLICIT_RETAIN_SELF = YES;
				CLANG_WARN_OBJC_LITERAL_CONVERSION = YES;
				CLANG_WARN_OBJC_ROOT_CLASS = YES_ERROR;
				CLANG_WARN_QUOTED_INCLUDE_IN_FRAMEWORK_HEADER = YES;
				CLANG_WARN_RANGE_LOOP_ANALYSIS = YES;
				CLANG_WARN_STRICT_PROTOTYPES = YES;
				CLANG_WARN_SUSPICIOUS_MOVE = YES;
				CLANG_WARN_UNGUARDED_AVAILABILITY = YES_AGGRESSIVE;
				CLANG_WARN_UNREACHABLE_CODE = YES;
				CLANG_WARN__DUPLICATE_METHOD_MATCH = YES;
				COPY_PHASE_STRIP = NO;
				DEBUG_INFORMATION_FORMAT = "dwarf-with-dsym";
				ENABLE_NS_ASSERTIONS = NO;
				ENABLE_STRICT_OBJC_MSGSEND = YES;
				GCC_C_LANGUAGE_STANDARD = gnu11;
				GCC_NO_COMMON_BLOCKS = YES;
				GCC_WARN_64_TO_32_BIT_CONVERSION = YES;
				GCC_WARN_ABOUT_RETURN_TYPE = YES_ERROR;
				GCC_WARN_UNDECLARED_SELECTOR = YES;
				GCC_WARN_UNINITIALIZED_AUTOS = YES_AGGRESSIVE;
				GCC_WARN_UNUSED_FUNCTION = YES;
				GCC_WARN_UNUSED_VARIABLE = YES;
				IPHONEOS_DEPLOYMENT_TARGET = 14.4;
				MTL_ENABLE_DEBUG_INFO = NO;
				MTL_FAST_MATH = YES;
				SDKROOT = iphoneos;
				SWIFT_COMPILATION_MODE = wholemodule;
				SWIFT_OPTIMIZATION_LEVEL = "-O";
				VALIDATE_PRODUCT = YES;
			};
			name = Release;
		};
		046C53632A41BFA90060E5EF /* Debug */ = {
			isa = XCBuildConfiguration;
			buildSettings = {
				ASSETCATALOG_COMPILER_APPICON_NAME = AppIcon;
				ASSETCATALOG_COMPILER_GLOBAL_ACCENT_COLOR_NAME = AccentColor;
				CODE_SIGN_STYLE = Automatic;
				INFOPLIST_FILE = "Assessment-3/Info.plist";
				LD_RUNPATH_SEARCH_PATHS = (
					"$(inherited)",
					"@executable_path/Frameworks",
				);
				PRODUCT_BUNDLE_IDENTIFIER = "Rutvij.Assessment-3";
				PRODUCT_NAME = "$(TARGET_NAME)";
				SWIFT_VERSION = 5.0;
				TARGETED_DEVICE_FAMILY = "1,2";
			};
			name = Debug;
		};
		046C53642A41BFA90060E5EF /* Release */ = {
			isa = XCBuildConfiguration;
			buildSettings = {
				ASSETCATALOG_COMPILER_APPICON_NAME = AppIcon;
				ASSETCATALOG_COMPILER_GLOBAL_ACCENT_COLOR_NAME = AccentColor;
				CODE_SIGN_STYLE = Automatic;
				INFOPLIST_FILE = "Assessment-3/Info.plist";
				LD_RUNPATH_SEARCH_PATHS = (
					"$(inherited)",
					"@executable_path/Frameworks",
				);
				PRODUCT_BUNDLE_IDENTIFIER = "Rutvij.Assessment-3";
				PRODUCT_NAME = "$(TARGET_NAME)";
				SWIFT_VERSION = 5.0;
				TARGETED_DEVICE_FAMILY = "1,2";
			};
			name = Release;
		};
/* End XCBuildConfiguration section */

/* Begin XCConfigurationList section */
		046C53492A41BFA60060E5EF /* Build configuration list for PBXProject "Assessment-3" */ = {
			isa = XCConfigurationList;
			buildConfigurations = (
				046C53602A41BFA90060E5EF /* Debug */,
				046C53612A41BFA90060E5EF /* Release */,
			);
			defaultConfigurationIsVisible = 0;
			defaultConfigurationName = Release;
		};
		046C53622A41BFA90060E5EF /* Build configuration list for PBXNativeTarget "Assessment-3" */ = {
			isa = XCConfigurationList;
			buildConfigurations = (
				046C53632A41BFA90060E5EF /* Debug */,
				046C53642A41BFA90060E5EF /* Release */,
			);
			defaultConfigurationIsVisible = 0;
			defaultConfigurationName = Release;
		};
/* End XCConfigurationList section */

/* Begin XCRemoteSwiftPackageReference section */
		046C53902A456E780060E5EF /* XCRemoteSwiftPackageReference "Alamofire" */ = {
			isa = XCRemoteSwiftPackageReference;
			repositoryURL = "https://github.com/Alamofire/Alamofire.git";
			requirement = {
				kind = upToNextMajorVersion;
				minimumVersion = 5.0.1;
			};
		};
		046C53942A456F3E0060E5EF /* XCRemoteSwiftPackageReference "SwiftyJSON" */ = {
			isa = XCRemoteSwiftPackageReference;
			repositoryURL = "https://github.com/SwiftyJSON/SwiftyJSON.git";
			requirement = {
				kind = upToNextMajorVersion;
				minimumVersion = 5.0.1;
			};
		};
/* End XCRemoteSwiftPackageReference section */

/* Begin XCSwiftPackageProductDependency section */
		046C53912A456E780060E5EF /* Alamofire */ = {
			isa = XCSwiftPackageProductDependency;
			package = 046C53902A456E780060E5EF /* XCRemoteSwiftPackageReference "Alamofire" */;
			productName = Alamofire;
		};
		046C53952A456F3E0060E5EF /* SwiftyJSON */ = {
			isa = XCSwiftPackageProductDependency;
			package = 046C53942A456F3E0060E5EF /* XCRemoteSwiftPackageReference "SwiftyJSON" */;
			productName = SwiftyJSON;
		};
/* End XCSwiftPackageProductDependency section */
	};
	rootObject = 046C53462A41BFA60060E5EF /* Project object */;
}
